[[package]]
name = "requests"
version = "2.32.3"
optional = false
python-versions = ">=3.8"
groups = ["main"]
files = []

[[package]]
name = "cryptography"
version = "43.0.0"
optional = true
python-versions = ">=3.8"
groups = ["main"]
files = []

[metadata]
lock-version = "2.1"
python-versions = "^3.11"
content-hash = "optional"
