{
  "version": 2,
  "dependencies": {
    ".NETStandard,Version=v2.1": {
      "alex312.Feliz.Router": {
        "type": "Direct",
        "requested": "[4.100.0, )",
        "resolved": "4.100.0",
        "contentHash": "Cio9P1hD7GgYvZgImm1f82/y5GPcJruqQ2WSPzfQd5/Sbvb11ypgQU1n9DTySTN84JhOmaWdqIOO9uj1RSOytA==",
        "dependencies": {
          "FSharp.Core": "6.0.0",
          "Fable.Elmish": "5.0.2",
          "Feliz": "3.2.0"
        }
      },
      "Fable.Core": {
        "type": "Direct",
        "requested": "[5.0.0, )",
        "resolved": "5.0.0",
        "contentHash": "pJOXJjfhjvNa1cgtF+klgR3DxQI7x9D/fFzZbjUBZLBJyYIioPsTFsKUnIOqNdCq1Oby9lINUSwnL4TqspMQOA==",
        "dependencies": {
          "FSharp.Core": "4.7.2"
        }
      },
      "Fable.Elmish": {
        "type": "Direct",
        "requested": "[5.0.2, )",
        "resolved": "5.0.2",
        "contentHash": "2/5a5Isu9O1cQQeUZ4I70ZFKF1kkl14xoQXZ6zP4tWTQotNDJCWN2LlLku+1+4mO/jnOUGQy2jJ1KgzG5MhoLw==",
        "dependencies": {
          "FSharp.Core": "4.7.2",
          "Fable.Core": "4.0.0"
        }
      },
      "Fable.Elmish.HMR": {
        "type": "Direct",
        "requested": "[9.0.0, )",
        "resolved": "9.0.0",
        "contentHash": "QZkTx3oB4hBWPcxBDOrxj3K0q7gglq4uTj9e91YGosY925ZEHIoogPCk0lJxsPFSuXqXyfeX/XQZY4SPB9ZdZA==",
        "dependencies": {
          "FSharp.Core": "4.7.2",
          "Fable.Core": "5.0.0",
          "Fable.Elmish.React": "5.6.0"
        }
      },
      "Fable.Elmish.React": {
        "type": "Direct",
        "requested": "[5.6.0, )",
        "resolved": "5.6.0",
        "contentHash": "rxhcPlzTIGKxToGY5oQViqd7EOC84h9ieR5nNgF++4fyCkNzarCz+ZUjqvnou+KE2XC3N5dz1jsCOxPtclHqLQ==",
        "dependencies": {
          "FSharp.Core": "4.7.2",
          "Fable.Elmish": "5.0.2",
          "Fable.ReactDom.Types": "18.2.0"
        }
      },
      "FSharp.Core": {
        "type": "Direct",
        "requested": "[6.0.0, )",
        "resolved": "6.0.0",
        "contentHash": "fbv1UwJ2LXVcFCt+GGDPu0sIYA5C6gdDvAupDj3iLQF3clRkua/6J33f+FiGQa8P1tEa+zmz3wrjoTnXZ1UiYg=="
      },
      "Fable.AST": {
        "type": "Transitive",
        "resolved": "5.0.0-rc.3",
        "contentHash": "Lg+io2OqGztHovglpCdcRqYmNezS0V8L3CudaAsmcgpN7/f80ndwpuuelWd8SaDgRh+/LlwvlyzDhdmkljecvQ=="
      },
      "Fable.Browser.Blob": {
        "type": "Transitive",
        "resolved": "1.1.4",
        "contentHash": "+6aq2ClPFbh/wFEtKuuIPwoZwi2GlUJ6RRykT0R+i95ZmK22nfE6iWpP+jfKxDnGgrm2AGC+btobAHWXbkC1Sw==",
        "dependencies": {
          "FSharp.Core": "4.7.2",
          "Fable.Core": "3.0.0"
        }
      },
      "Fable.Browser.Dom": {
        "type": "Transitive",
        "resolved": "2.4.4",
        "contentHash": "wFGefU1Idqkwa6kKdvz5oyHL5yP+i+cvTHPeJGlF22fnqOozFurFIuPqGToqpgl9DfyWr7MyNvTiLFOkfXNqnA==",
        "dependencies": {
          "FSharp.Core": "4.7.2",
          "Fable.Browser.Blob": "1.1.4",
          "Fable.Browser.Event": "1.4.4",
          "Fable.Browser.WebStorage": "1.0.4",
          "Fable.Core": "3.0.0"
        }
      },
      "Fable.Browser.Event": {
        "type": "Transitive",
        "resolved": "1.4.4",
        "contentHash": "jGwS4fjwUNBXgGuu+mklDp9sx4ql0E6Ml5F/CI+8gxwgmxG4IdBTo3yIgF8m0doy7Tc9fgBhOfP3xdGMDgJBBQ==",
        "dependencies": {
          "FSharp.Core": "4.7.2",
          "Fable.Browser.Gamepad": "1.0.3",
          "Fable.Core": "3.0.0"
        }
      },
      "Fable.Browser.Gamepad": {
        "type": "Transitive",
        "resolved": "1.0.3",
        "contentHash": "3mIdAR8uy7eQoL+Nyp72OVWnIbTegoFD6yCvnqaHeWE2MZ3+Lc9EPMKDiHjX3VbImd1uQI57zg+hQJ6MTekgEA==",
        "dependencies": {
          "FSharp.Core": "4.7.2",
          "Fable.Core": "3.0.0"
        }
      },
      "Fable.Browser.WebStorage": {
        "type": "Transitive",
        "resolved": "1.0.4",
        "contentHash": "kxKI1nM4TWIRjp4X0QfdbgdU3p1ite5E/to3/RqotnV5BTmS9Wl+yX38L0S4CTbnU+I6v8aPLYlZ/BKmtxggXQ==",
        "dependencies": {
          "FSharp.Core": "4.7.2",
          "Fable.Browser.Event": "1.4.4",
          "Fable.Core": "3.0.0"
        }
      },
      "Fable.React.Types": {
        "type": "Transitive",
        "resolved": "18.4.0",
        "contentHash": "XKUBsAycABet6+ZRwIceG3dSuUzgG8SndVIu43uZMNOO+wXAeGS4u2WrRWZOetZ7Q0MlVukPVwN7jfbPRg4j/A==",
        "dependencies": {
          "FSharp.Core": "4.7.2",
          "Fable.Browser.Dom": "2.4.4",
          "Fable.Core": "3.2.7"
        }
      },
      "Fable.ReactDom.Types": {
        "type": "Transitive",
        "resolved": "18.2.0",
        "contentHash": "2WoBjsLiSgrvR68OJXko0iVaqeMbkPM5Bx813A1WlxOSCJ50M9fwnlwG/MUEZtiOIhQmku/YTJY5a8E8r1+j2Q==",
        "dependencies": {
          "FSharp.Core": "4.7.2",
          "Fable.React.Types": "18.3.0"
        }
      },
      "Feliz.CompilerPlugins": {
        "type": "Transitive",
        "resolved": "3.1.0",
        "contentHash": "dtchagV0Kh2IgibxIyw/4yzKV9e6W45l/Ww1F2FodnoGZqpK87TutJzE3jZy6KcHL1SHzg4mCT9d2ffGeQqTMA==",
        "dependencies": {
          "Fable.AST": "5.0.0-rc.3"
        }
      },
      "feliz.bulma": {
        "type": "Project",
        "dependencies": {
          "FSharp.Core": "[6.0.0, )",
          "Feliz": "[3.3.1, )"
        }
      },
      "Feliz": {
        "type": "CentralTransitive",
        "requested": "[3.3.1, )",
        "resolved": "3.3.1",
        "contentHash": "+rXAfVLailjU6Ibs3XPCUU2HBZAZ8Q+B+coVYs8TLdnpDd1jYEXw1XM/iX/rYLF8WBSXrzx/MDNDgNvPaStfxg==",
        "dependencies": {
          "Fable.Core": "4.5.0",
          "Fable.React.Types": "18.4.0",
          "Fable.ReactDom.Types": "18.2.0",
          "Feliz.CompilerPlugins": "3.1.0"
        }
      }
    }
  }
}