{
  "lockfileVersion": 1,
  "workspaces": {
    "": {
      "dependencies": {
        "react": "^19.2.3",
        "react-dom": "^19.2.3",
      },
      "devDependencies": {
        "@types/node": "^22.14.0",
      },
    },
  },
  "packages": {
    "@types/node": ["@types/node@22.14.0", "", {}],
    "react": ["react@19.2.3", "", {}],
    "react-dom": ["react-dom@19.2.3", "", {}],
    "scheduler": ["scheduler@0.27.0", "", {}],
  },
}
