{
  "version": 7,
  "root": "root",
  "nodes": {
    "root": { "inputs": { "nixpkgs": "nixpkgs", "local": "local" } },
    "nixpkgs": { "inputs": {}, "locked": { "type": "github", "owner": "NixOS", "repo": "nixpkgs", "rev": "841fcbd04755c7a2865c51c1e2d3b045976b7452", "narHash": "sha256-GGGGGGGGGGGGGGGGGGGGGGGGGGGGGGGGGGGGGGGGGGG=" }, "original": { "type": "indirect", "id": "nixpkgs" } },
    "local": { "inputs": {}, "locked": { "type": "path", "path": "/tmp/acme-local", "narHash": "sha256-HHHHHHHHHHHHHHHHHHHHHHHHHHHHHHHHHHHHHHHHHHH=" }, "original": { "type": "path", "path": "./tools", "dir": "nix" } }
  }
}
