{"1.2.0",[{<<"uuid">>,{pkg,<<"uuid_erl">>,<<"0.7.0">>},0},{<<"my_app">>,{pkg,<<"my_app_fork">>,<<"1.2.3">>},0}]}.
[{pkg_hash,[{<<"uuid_erl">>,<<"0123456789ABCDEF0123456789ABCDEF0123456789ABCDEF0123456789ABCDEF">>},{<<"my_app_fork">>,<<"ABCDEF0123456789ABCDEF0123456789ABCDEF0123456789ABCDEF0123456789">>}]},{pkg_hash_ext,[{<<"uuid_erl">>,<<"0123456789ABCDEF0123456789ABCDEF0123456789ABCDEF0123456789ABCDEF">>},{<<"my_app_fork">>,<<"ABCDEF0123456789ABCDEF0123456789ABCDEF0123456789ABCDEF0123456789">>}]}].
