{"R":{"Version":"4.4.0"},"Packages":{"gitlabpkg":{"Package":"gitlabpkg","Version":"1.0.0","Source":"GitLab","RemoteType":"gitlab","RemoteHost":"gitlab.example.test","RemoteUsername":"team","RemoteRepo":"pkg","RemoteRef":"v1.0.0","RemoteSha":"0123456789abcdef0123456789abcdef01234567","RemoteSubdir":"r/pkg"},"gitpkg":{"Package":"gitpkg","Version":"0.2.0","Source":"Git","RemoteType":"git","RemoteUrl":"https://git.example.test/team/pkg.git","RemoteRef":"main","RemoteSha":"abcdef0123456789abcdef0123456789abcdef01"}}}
