{
  "lockfileVersion": 1,
  "configVersion": 1,
  "workspaces": {"": {"name": "git-ssh-fixture", "dependencies": {"ssh-package": "git+ssh://git@github.com/example/ssh-package.git#release", "scp-package": "git@github.com:example/scp-package.git#v1.2.3"}}},
  "packages": {
    "ssh-package": ["ssh-package@git+ssh://git@github.com/example/ssh-package.git#release", "", {}, "ssh-package@git+ssh://git@github.com/example/ssh-package.git#release"],
    "scp-package": ["scp-package@git+ssh://git@github.com/example/scp-package.git#v1.2.3", "", {}, "scp-package@git+ssh://git@github.com/example/scp-package.git#v1.2.3"]
  }
}
