{"version":7,"root":"root","nodes":{"root":{"inputs":{"a":"a","b":"b"}},"a":{"inputs":{"b":["b"]},"locked":{"type":"github","owner":"acme","repo":"a","rev":"841fcbd04755c7a2865c51c1e2d3b045976b7452","narHash":"sha256-EEEEEEEEEEEEEEEEEEEEEEEEEEEEEEEEEEEEEEEEEEE="},"original":{"type":"github","owner":"acme","repo":"a"}},"b":{"inputs":{"a":[]},"locked":{"type":"github","owner":"acme","repo":"b","rev":"841fcbd04755c7a2865c51c1e2d3b045976b7452","narHash":"sha256-FFFFFFFFFFFFFFFFFFFFFFFFFFFFFFFFFFFFFFFFFFF="},"original":{"type":"github","owner":"acme","repo":"b"}}}}
