[[package]]
name = "requests"
version = "2.32.3"
optional = false
python-versions = ">=3.8"
groups = ["main"]
files = []

[[package]]
name = "urllib3"
version = "2.2.2"
optional = false
python-versions = ">=3.8"
groups = ["main"]
files = []

[metadata]
lock-version = "2.1"
python-versions = "^3.11"
content-hash = "basic"
