{
  "nodes": {
    "base": {
      "locked": {
        "type": "github",
        "owner": "acme",
        "repo": "base",
        "rev": "7777777777777777777777777777777777777777"
      }
    },
    "base_2": {
      "locked": {
        "type": "github",
        "owner": "acme",
        "repo": "base",
        "rev": "8888888888888888888888888888888888888888"
      }
    },
    "client": {
      "inputs": { "base": "base_2" },
      "locked": {
        "type": "github",
        "owner": "acme",
        "repo": "client",
        "rev": "9999999999999999999999999999999999999999"
      }
    },
    "root": {
      "inputs": { "base": "base", "client": "client" }
    }
  },
  "root": "root",
  "version": 7
}
