{
  "version": 1,
  "dependencies": {
    "net7.0": {
      "NETStandard.Library": {
        "type": "Direct",
        "requested": "[2.0.3, )",
        "resolved": "2.0.3",
        "contentHash": "st47PosZSHrjECdjeIzZQbzivYBJFv6P2nv4cj2ypdI204DO+vZ7l5raGMiX4eXMJ53RfOIg+/s4DHVZ54Nu2A==",
        "dependencies": {
          "Microsoft.NETCore.Platforms": "1.1.0"
        }
      },
      "Microsoft.NETCore.Platforms": {
        "type": "Transitive",
        "resolved": "1.1.0",
        "contentHash": "lm6E3T5u7BOuEH0u18JpbJHxBfOJPuCyl4Kg1RH10ktYLp5uEEE1xKrHW56/We4SnZpGAuCc9N0MJpSDhTHZGQ=="
      }
    }
  }
}
