{"1.2.0",[{<<"top">>,{pkg,<<"top">>,<<"3.0.0">>},0},{<<"middle">>,{pkg,<<"middle">>,<<"2.0.0">>},1},{<<"leaf">>,{pkg,<<"leaf">>,<<"1.0.0">>},2}]}.
[{pkg_hash,[{<<"top">>,<<"0123456789ABCDEF0123456789ABCDEF0123456789ABCDEF0123456789ABCDEF">>},{<<"middle">>,<<"ABCDEF0123456789ABCDEF0123456789ABCDEF0123456789ABCDEF0123456789">>},{<<"leaf">>,<<"89ABCDEF0123456789ABCDEF0123456789ABCDEF0123456789ABCDEF01234567">>}]},{pkg_hash_ext,[{<<"top">>,<<"0123456789ABCDEF0123456789ABCDEF0123456789ABCDEF0123456789ABCDEF">>},{<<"middle">>,<<"ABCDEF0123456789ABCDEF0123456789ABCDEF0123456789ABCDEF0123456789">>},{<<"leaf">>,<<"89ABCDEF0123456789ABCDEF0123456789ABCDEF0123456789ABCDEF01234567">>}]}].
