# This file was autogenerated by Stack.
# You should not edit this file by hand.
packages:
- completed: {git: https://github.com/example/mono.git, commit: 0123456789abcdef0123456789abcdef01234567, subdir: ., name: core, version: 1.0.0, pantry-tree: {sha256: aaaaaaaaaaaaaaaaaaaaaaaaaaaaaaaaaaaaaaaaaaaaaaaaaaaaaaaaaaaaaaaa, size: 10}}
  original: {git: https://github.com/example/mono.git, commit: 0123456789abcdef0123456789abcdef01234567, subdirs: [., library]}
- completed: {hg: https://hg.example.test/mono, commit: a1b2c3d4e5f6789012345678901234567890abcd, subdir: library, name: library, version: 2.0.0, pantry-tree: {sha256: bbbbbbbbbbbbbbbbbbbbbbbbbbbbbbbbbbbbbbbbbbbbbbbbbbbbbbbbbbbbbbbb, size: 20}}
  original: {hg: https://hg.example.test/mono, commit: a1b2c3d4e5f6789012345678901234567890abcd, subdirs: [library]}
snapshots: []
