{
  "version": 1,
  "dependencies": {
    ".NETCoreApp,Version=v5.0": {
      "Web.Host": {
        "type": "Project",
        "dependencies": {
          "Core.Library": "[1.4.0, )",
          "newtonsoft.json": "13.0.3"
        }
      },
      "Core.Library": {
        "type": "Project",
        "dependencies": {
          "Newtonsoft.Json": "[13.0.3, )"
        }
      },
      "Leaf.Library": {
        "type": "Project"
      },
      "Newtonsoft.Json": {
        "type": "Transitive",
        "resolved": "13.0.3",
        "contentHash": "HrC5BXdl00IP9zeV+0Z848QWPAoCr9P3bDEZguI+gkLcBKAOxix/tLEAAHC+UvDNPv4a2d18lOReHMOagPa+zQ=="
      }
    }
  }
}
